4d63.com/embedfiles v0.0.0-20190311033909-995e0740726f/go.mod h1:HxEsUxoVZyRxsZML/S6e2xAuieFMlGO0756ncWx1aXE=
4d63.com/embedfiles v1.0.0 h1:AR4j5WItSJwBX9SapkvmQUGLPlgCHQZaCDQ52zLXzZM=
4d63.com/embedfiles v1.0.0/go.mod h1:U0e+fedkrGPVJiU29PWZQ7pHHZRPiQAzwDJocZ4d3PE=
4d63.com/tz v1.2.0 h1:EpJt060xY+M+M0Wj8btz+THdOJbSxj4i8jhVQP3Wr0U=
4d63.com/tz v1.2.0/go.mod h1:SHGqVdL7hd2ZaX2T9uEiOZ/OFAUfCCLURdLPJsd8ZNs=
